// !$*UTF8*$!
{
	archiveVersion = 1;
	classes = {
	};
	objectVersion = 56;
	objects = {

/* Begin PBXBuildFile section */
		58703E282953DF2900993689 /* ExampleApp.swift in Sources */ = {isa = PBXBuildFile; fileRef = 58703E272953DF2900993689 /* ExampleApp.swift */; };
		58703E2A2953DF2900993689 /* ContentView.swift in Sources */ = {isa = PBXBuildFile; fileRef = 58703E292953DF2900993689 /* ContentView.swift */; };
		58703E2C2953DF2A00993689 /* Assets.xcassets in Resources */ = {isa = PBXBuildFile; fileRef = 58703E2B2953DF2A00993689 /* Assets.xcassets */; };
		58703E2F2953DF2A00993689 /* Preview Assets.xcassets in Resources */ = {isa = PBXBuildFile; fileRef = 58703E2E2953DF2A00993689 /* Preview Assets.xcassets */; };
		58703E392953DF2B00993689 /* ExampleTests.swift in Sources */ = {isa = PBXBuildFile; fileRef = 58703E382953DF2B00993689 /* ExampleTests.swift */; };
		58703E432953DF2B00993689 /* ExampleUITests.swift in Sources */ = {isa = PBXBuildFile; fileRef = 58703E422953DF2B00993689 /* ExampleUITests.swift */; };
		58703E452953DF2B00993689 /* ExampleUITestsLaunchTests.swift in Sources */ = {isa = PBXBuildFile; fileRef = 58703E442953DF2B00993689 /* ExampleUITestsLaunchTests.swift */; };
		58703E532953DF7300993689 /* InteractiveView in Frameworks */ = {isa = PBXBuildFile; productRef = 58703E522953DF7300993689 /* InteractiveView */; };
/* End PBXBuildFile section */

/* Begin PBXContainerItemProxy section */
		58703E352953DF2B00993689 /* PBXContainerItemProxy */ = {
			isa = PBXContainerItemProxy;
			containerPortal = 58703E1C2953DF2900993689 /* Project object */;
			proxyType = 1;
			remoteGlobalIDString = 58703E232953DF2900993689;
			remoteInfo = Example;
		};
		58703E3F2953DF2B00993689 /* PBXContainerItemProxy */ = {
			isa = PBXContainerItemProxy;
			containerPortal = 58703E1C2953DF2900993689 /* Project object */;
			proxyType = 1;
			remoteGlobalIDString = 58703E232953DF2900993689;
			remoteInfo = Example;
		};
/* End PBXContainerItemProxy section */

/* Begin PBXFileReference section */
		58703E242953DF2900993689 /* Example.app */ = {isa = PBXFileReference; explicitFileType = wrapper.application; includeInIndex = 0; path = Example.app; sourceTree = BUILT_PRODUCTS_DIR; };
		58703E272953DF2900993689 /* ExampleApp.swift */ = {isa = PBXFileReference; lastKnownFileType = sourcecode.swift; path = ExampleApp.swift; sourceTree = "<group>"; };
		58703E292953DF2900993689 /* ContentView.swift */ = {isa = PBXFileReference; lastKnownFileType = sourcecode.swift; path = ContentView.swift; sourceTree = "<group>"; };
		58703E2B2953DF2A00993689 /* Assets.xcassets */ = {isa = PBXFileReference; lastKnownFileType = folder.assetcatalog; path = Assets.xcassets; sourceTree = "<group>"; };
		58703E2E2953DF2A00993689 /* Preview Assets.xcassets */ = {isa = PBXFileReference; lastKnownFileType = folder.assetcatalog; path = "Preview Assets.xcassets"; sourceTree = "<group>"; };
		58703E342953DF2B00993689 /* ExampleTests.xctest */ = {isa = PBXFileReference; explicitFileType = wrapper.cfbundle; includeInIndex = 0; path = ExampleTests.xctest; sourceTree = BUILT_PRODUCTS_DIR; };
		58703E382953DF2B00993689 /* ExampleTests.swift */ = {isa = PBXFileReference; lastKnownFileType = sourcecode.swift; path = ExampleTests.swift; sourceTree = "<group>"; };
		58703E3E2953DF2B00993689 /* ExampleUITests.xctest */ = {isa = PBXFileReference; explicitFileType = wrapper.cfbundle; includeInIndex = 0; path = ExampleUITests.xctest; sourceTree = BUILT_PRODUCTS_DIR; };
		58703E422953DF2B00993689 /* ExampleUITests.swift */ = {isa = PBXFileReference; lastKnownFileType = sourcecode.swift; path = ExampleUITests.swift; sourceTree = "<group>"; };
		58703E442953DF2B00993689 /* ExampleUITestsLaunchTests.swift */ = {isa = PBXFileReference; lastKnownFileType = sourcecode.swift; path = ExampleUITestsLaunchTests.swift; sourceTree = "<group>"; };
/* End PBXFileReference section */

/* Begin PBXFrameworksBuildPhase section */
		58703E212953DF2900993689 /* Frameworks */ = {
			isa = PBXFrameworksBuildPhase;
			buildActionMask = 2147483647;
			files = (
				58703E532953DF7300993689 /* InteractiveView in Frameworks */,
			);
			runOnlyForDeploymentPostprocessing = 0;
		};
		58703E312953DF2B00993689 /* Frameworks */ = {
			isa = PBXFrameworksBuildPhase;
			buildActionMask = 2147483647;
			files = (
			);
			runOnlyForDeploymentPostprocessing = 0;
		};
		58703E3B2953DF2B00993689 /* Frameworks */ = {
			isa = PBXFrameworksBuildPhase;
			buildActionMask = 2147483647;
			files = (
			);
			runOnlyForDeploymentPostprocessing = 0;
		};
/* End PBXFrameworksBuildPhase section */

/* Begin PBXGroup section */
		58703E1B2953DF2900993689 = {
			isa = PBXGroup;
			children = (
				58703E262953DF2900993689 /* Example */,
				58703E372953DF2B00993689 /* ExampleTests */,
				58703E412953DF2B00993689 /* ExampleUITests */,
				58703E252953DF2900993689 /* Products */,
			);
			sourceTree = "<group>";
		};
		58703E252953DF2900993689 /* Products */ = {
			isa = PBXGroup;
			children = (
				58703E242953DF2900993689 /* Example.app */,
				58703E342953DF2B00993689 /* ExampleTests.xctest */,
				58703E3E2953DF2B00993689 /* ExampleUITests.xctest */,
			);
			name = Products;
			sourceTree = "<group>";
		};
		58703E262953DF2900993689 /* Example */ = {
			isa = PBXGroup;
			children = (
				58703E272953DF2900993689 /* ExampleApp.swift */,
				58703E292953DF2900993689 /* ContentView.swift */,
				58703E2B2953DF2A00993689 /* Assets.xcassets */,
				58703E2D2953DF2A00993689 /* Preview Content */,
			);
			path = Example;
			sourceTree = "<group>";
		};
		58703E2D2953DF2A00993689 /* Preview Content */ = {
			isa = PBXGroup;
			children = (
				58703E2E2953DF2A00993689 /* Preview Assets.xcassets */,
			);
			path = "Preview Content";
			sourceTree = "<group>";
		};
		58703E372953DF2B00993689 /* ExampleTests */ = {
			isa = PBXGroup;
			children = (
				58703E382953DF2B00993689 /* ExampleTests.swift */,
			);
			path = ExampleTests;
			sourceTree = "<group>";
		};
		58703E412953DF2B00993689 /* ExampleUITests */ = {
			isa = PBXGroup;
			children = (
				58703E422953DF2B00993689 /* ExampleUITests.swift */,
				58703E442953DF2B00993689 /* ExampleUITestsLaunchTests.swift */,
			);
			path = ExampleUITests;
			sourceTree = "<group>";
		};
/* End PBXGroup section */

/* Begin PBXNativeTarget section */
		58703E232953DF2900993689 /* Example */ = {
			isa = PBXNativeTarget;
			buildConfigurationList = 58703E482953DF2B00993689 /* Build configuration list for PBXNativeTarget "Example" */;
			buildPhases = (
				58703E202953DF2900993689 /* Sources */,
				58703E212953DF2900993689 /* Frameworks */,
				58703E222953DF2900993689 /* Resources */,
			);
			buildRules = (
			);
			dependencies = (
			);
			name = Example;
			packageProductDependencies = (
				58703E522953DF7300993689 /* InteractiveView */,
			);
			productName = Example;
			productReference = 58703E242953DF2900993689 /* Example.app */;
			productType = "com.apple.product-type.application";
		};
		58703E332953DF2B00993689 /* ExampleTests */ = {
			isa = PBXNativeTarget;
			buildConfigurationList = 58703E4B2953DF2B00993689 /* Build configuration list for PBXNativeTarget "ExampleTests" */;
			buildPhases = (
				58703E302953DF2B00993689 /* Sources */,
				58703E312953DF2B00993689 /* Frameworks */,
				58703E322953DF2B00993689 /* Resources */,
			);
			buildRules = (
			);
			dependencies = (
				58703E362953DF2B00993689 /* PBXTargetDependency */,
			);
			name = ExampleTests;
			productName = ExampleTests;
			productReference = 58703E342953DF2B00993689 /* ExampleTests.xctest */;
			productType = "com.apple.product-type.bundle.unit-test";
		};
		58703E3D2953DF2B00993689 /* ExampleUITests */ = {
			isa = PBXNativeTarget;
			buildConfigurationList = 58703E4E2953DF2B00993689 /* Build configuration list for PBXNativeTarget "ExampleUITests" */;
			buildPhases = (
				58703E3A2953DF2B00993689 /* Sources */,
				58703E3B2953DF2B00993689 /* Frameworks */,
				58703E3C2953DF2B00993689 /* Resources */,
			);
			buildRules = (
			);
			dependencies = (
				58703E402953DF2B00993689 /* PBXTargetDependency */,
			);
			name = ExampleUITests;
			productName = ExampleUITests;
			productReference = 58703E3E2953DF2B00993689 /* ExampleUITests.xctest */;
			productType = "com.apple.product-type.bundle.ui-testing";
		};
/* End PBXNativeTarget section */

/* Begin PBXProject section */
		58703E1C2953DF2900993689 /* Project object */ = {
			isa = PBXProject;
			attributes = {
				BuildIndependentTargetsInParallel = 1;
				LastSwiftUpdateCheck = 1410;
				LastUpgradeCheck = 1410;
				TargetAttributes = {
					58703E232953DF2900993689 = {
						CreatedOnToolsVersion = 14.1;
					};
					58703E332953DF2B00993689 = {
						CreatedOnToolsVersion = 14.1;
						TestTargetID = 58703E232953DF2900993689;
					};
					58703E3D2953DF2B00993689 = {
						CreatedOnToolsVersion = 14.1;
						TestTargetID = 58703E232953DF2900993689;
					};
				};
			};
			buildConfigurationList = 58703E1F2953DF2900993689 /* Build configuration list for PBXProject "Example" */;
			compatibilityVersion = "Xcode 14.0";
			developmentRegion = en;
			hasScannedForEncodings = 0;
			knownRegions = (
				en,
				Base,
			);
			mainGroup = 58703E1B2953DF2900993689;
			packageReferences = (
				58703E512953DF7300993689 /* XCRemoteSwiftPackageReference "InteractiveView" */,
			);
			productRefGroup = 58703E252953DF2900993689 /* Products */;
			projectDirPath = "";
			projectRoot = "";
			targets = (
				58703E232953DF2900993689 /* Example */,
				58703E332953DF2B00993689 /* ExampleTests */,
				58703E3D2953DF2B00993689 /* ExampleUITests */,
			);
		};
/* End PBXProject section */

/* Begin PBXResourcesBuildPhase section */
		58703E222953DF2900993689 /* Resources */ = {
			isa = PBXResourcesBuildPhase;
			buildActionMask = 2147483647;
			files = (
				58703E2F2953DF2A00993689 /* Preview Assets.xcassets in Resources */,
				58703E2C2953DF2A00993689 /* Assets.xcassets in Resources */,
			);
			runOnlyForDeploymentPostprocessing = 0;
		};
		58703E322953DF2B00993689 /* Resources */ = {
			isa = PBXResourcesBuildPhase;
			buildActionMask = 2147483647;
			files = (
			);
			runOnlyForDeploymentPostprocessing = 0;
		};
		58703E3C2953DF2B00993689 /* Resources */ = {
			isa = PBXResourcesBuildPhase;
			buildActionMask = 2147483647;
			files = (
			);
			runOnlyForDeploymentPostprocessing = 0;
		};
/* End PBXResourcesBuildPhase section */

/* Begin PBXSourcesBuildPhase section */
		58703E202953DF2900993689 /* Sources */ = {
			isa = PBXSourcesBuildPhase;
			buildActionMask = 2147483647;
			files = (
				58703E2A2953DF2900993689 /* ContentView.swift in Sources */,
				58703E282953DF2900993689 /* ExampleApp.swift in Sources */,
			);
			runOnlyForDeploymentPostprocessing = 0;
		};
		58703E302953DF2B00993689 /* Sources */ = {
			isa = PBXSourcesBuildPhase;
			buildActionMask = 2147483647;
			files = (
				58703E392953DF2B00993689 /* ExampleTests.swift in Sources */,
			);
			runOnlyForDeploymentPostprocessing = 0;
		};
		58703E3A2953DF2B00993689 /* Sources */ = {
			isa = PBXSourcesBuildPhase;
			buildActionMask = 2147483647;
			files = (
				58703E432953DF2B00993689 /* ExampleUITests.swift in Sources */,
				58703E452953DF2B00993689 /* ExampleUITestsLaunchTests.swift in Sources */,
			);
			runOnlyForDeploymentPostprocessing = 0;
		};
/* End PBXSourcesBuildPhase section */

/* Begin PBXTargetDependency section */
		58703E362953DF2B00993689 /* PBXTargetDependency */ = {
			isa = PBXTargetDependency;
			target = 58703E232953DF2900993689 /* Example */;
			targetProxy = 58703E352953DF2B00993689 /* PBXContainerItemProxy */;
		};
		58703E402953DF2B00993689 /* PBXTargetDependency */ = {
			isa = PBXTargetDependency;
			target = 58703E232953DF2900993689 /* Example */;
			targetProxy = 58703E3F2953DF2B00993689 /* PBXContainerItemProxy */;
		};
/* End PBXTargetDependency section */

/* Begin XCBuildConfiguration section */
		58703E462953DF2B00993689 /* Debug */ = {
			isa = XCBuildConfiguration;
			buildSettings = {
				ALWAYS_SEARCH_USER_PATHS = NO;
				CLANG_ANALYZER_NONNULL = YES;
				CLANG_ANALYZER_NUMBER_OBJECT_CONVERSION = YES_AGGRESSIVE;
				CLANG_CXX_LANGUAGE_STANDARD = "gnu++20";
				CLANG_ENABLE_MODULES = YES;
				CLANG_ENABLE_OBJC_ARC = YES;
				CLANG_ENABLE_OBJC_WEAK = YES;
				CLANG_WARN_BLOCK_CAPTURE_AUTORELEASING = YES;
				CLANG_WARN_BOOL_CONVERSION = YES;
				CLANG_WARN_COMMA = YES;
				CLANG_WARN_CONSTANT_CONVERSION = YES;
				CLANG_WARN_DEPRECATED_OBJC_IMPLEMENTATIONS = YES;
				CLANG_WARN_DIRECT_OBJC_ISA_USAGE = YES_ERROR;
				CLANG_WARN_DOCUMENTATION_COMMENTS = YES;
				CLANG_WARN_EMPTY_BODY = YES;
				CLANG_WARN_ENUM_CONVERSION = YES;
				CLANG_WARN_INFINITE_RECURSION = YES;
				CLANG_WARN_INT_CONVERSION = YES;
				CLANG_WARN_NON_LITERAL_NULL_CONVERSION = YES;
				CLANG_WARN_OBJC_IMPLICIT_RETAIN_SELF = YES;
				CLANG_WARN_OBJC_LITERAL_CONVERSION = YES;
				CLANG_WARN_OBJC_ROOT_CLASS = YES_ERROR;
				CLANG_WARN_QUOTED_INCLUDE_IN_FRAMEWORK_HEADER = YES;
				CLANG_WARN_RANGE_LOOP_ANALYSIS = YES;
				CLANG_WARN_STRICT_PROTOTYPES = YES;
				CLANG_WARN_SUSPICIOUS_MOVE = YES;
				CLANG_WARN_UNGUARDED_AVAILABILITY = YES_AGGRESSIVE;
				CLANG_WARN_UNREACHABLE_CODE = YES;
				CLANG_WARN__DUPLICATE_METHOD_MATCH = YES;
				COPY_PHASE_STRIP = NO;
				DEBUG_INFORMATION_FORMAT = dwarf;
				ENABLE_STRICT_OBJC_MSGSEND = YES;
				ENABLE_TESTABILITY = YES;
				GCC_C_LANGUAGE_STANDARD = gnu11;
				GCC_DYNAMIC_NO_PIC = NO;
				GCC_NO_COMMON_BLOCKS = YES;
				GCC_OPTIMIZATION_LEVEL = 0;
				GCC_PREPROCESSOR_DEFINITIONS = (
					"DEBUG=1",
					"$(inherited)",
				);
				GCC_WARN_64_TO_32_BIT_CONVERSION = YES;
				GCC_WARN_ABOUT_RETURN_TYPE = YES_ERROR;
				GCC_WARN_UNDECLARED_SELECTOR = YES;
				GCC_WARN_UNINITIALIZED_AUTOS = YES_AGGRESSIVE;
				GCC_WARN_UNUSED_FUNCTION = YES;
				GCC_WARN_UNUSED_VARIABLE = YES;
				IPHONEOS_DEPLOYMENT_TARGET = 16.0;
				MTL_ENABLE_DEBUG_INFO = INCLUDE_SOURCE;
				MTL_FAST_MATH = YES;
				ONLY_ACTIVE_ARCH = YES;
				SDKROOT = iphoneos;
				SWIFT_ACTIVE_COMPILATION_CONDITIONS = DEBUG;
				SWIFT_OPTIMIZATION_LEVEL = "-Onone";
			};
			name = Debug;
		};
		58703E472953DF2B00993689 /* Release */ = {
			isa = XCBuildConfiguration;
			buildSettings = {
				ALWAYS_SEARCH_USER_PATHS = NO;
				CLANG_ANALYZER_NONNULL = YES;
				CLANG_ANALYZER_NUMBER_OBJECT_CONVERSION = YES_AGGRESSIVE;
				CLANG_CXX_LANGUAGE_STANDARD = "gnu++20";
				CLANG_ENABLE_MODULES = YES;
				CLANG_ENABLE_OBJC_ARC = YES;
				CLANG_ENABLE_OBJC_WEAK = YES;
				CLANG_WARN_BLOCK_CAPTURE_AUTORELEASING = YES;
				CLANG_WARN_BOOL_CONVERSION = YES;
				CLANG_WARN_COMMA = YES;
				CLANG_WARN_CONSTANT_CONVERSION = YES;
				CLANG_WARN_DEPRECATED_OBJC_IMPLEMENTATIONS = YES;
				CLANG_WARN_DIRECT_OBJC_ISA_USAGE = YES_ERROR;
				CLANG_WARN_DOCUMENTATION_COMMENTS = YES;
				CLANG_WARN_EMPTY_BODY = YES;
				CLANG_WARN_ENUM_CONVERSION = YES;
				CLANG_WARN_INFINITE_RECURSION = YES;
				CLANG_WARN_INT_CONVERSION = YES;
				CLANG_WARN_NON_LITERAL_NULL_CONVERSION = YES;
				CLANG_WARN_OBJC_IMPLICIT_RETAIN_SELF = YES;
				CLANG_WARN_OBJC_LITERAL_CONVERSION = YES;
				CLANG_WARN_OBJC_ROOT_CLASS = YES_ERROR;
				CLANG_WARN_QUOTED_INCLUDE_IN_FRAMEWORK_HEADER = YES;
				CLANG_WARN_RANGE_LOOP_ANALYSIS = YES;
				CLANG_WARN_STRICT_PROTOTYPES = YES;
				CLANG_WARN_SUSPICIOUS_MOVE = YES;
				CLANG_WARN_UNGUARDED_AVAILABILITY = YES_AGGRESSIVE;
				CLANG_WARN_UNREACHABLE_CODE = YES;
				CLANG_WARN__DUPLICATE_METHOD_MATCH = YES;
				COPY_PHASE_STRIP = NO;
				DEBUG_INFORMATION_FORMAT = "dwarf-with-dsym";
				ENABLE_NS_ASSERTIONS = NO;
				ENABLE_STRICT_OBJC_MSGSEND = YES;
				GCC_C_LANGUAGE_STANDARD = gnu11;
				GCC_NO_COMMON_BLOCKS = YES;
				GCC_WARN_64_TO_32_BIT_CONVERSION = YES;
				GCC_WARN_ABOUT_RETURN_TYPE = YES_ERROR;
				GCC_WARN_UNDECLARED_SELECTOR = YES;
				GCC_WARN_UNINITIALIZED_AUTOS = YES_AGGRESSIVE;
				GCC_WARN_UNUSED_FUNCTION = YES;
				GCC_WARN_UNUSED_VARIABLE = YES;
				IPHONEOS_DEPLOYMENT_TARGET = 16.0;
				MTL_ENABLE_DEBUG_INFO = NO;
				MTL_FAST_MATH = YES;
				SDKROOT = iphoneos;
				SWIFT_COMPILATION_MODE = wholemodule;
				SWIFT_OPTIMIZATION_LEVEL = "-O";
				VALIDATE_PRODUCT = YES;
			};
			name = Release;
		};
		58703E492953DF2B00993689 /* Debug */ = {
			isa = XCBuildConfiguration;
			buildSettings = {
				ASSETCATALOG_COMPILER_APPICON_NAME = AppIcon;
				ASSETCATALOG_COMPILER_GLOBAL_ACCENT_COLOR_NAME = AccentColor;
				CODE_SIGN_STYLE = Automatic;
				CURRENT_PROJECT_VERSION = 1;
				DEVELOPMENT_ASSET_PATHS = "\"Example/Preview Content\"";
				DEVELOPMENT_TEAM = 7KJTVFSV88;
				ENABLE_PREVIEWS = YES;
				GENERATE_INFOPLIST_FILE = YES;
				INFOPLIST_KEY_UIApplicationSceneManifest_Generation = YES;
				INFOPLIST_KEY_UIApplicationSupportsIndirectInputEvents = YES;
				INFOPLIST_KEY_UILaunchScreen_Generation = YES;
				INFOPLIST_KEY_UISupportedInterfaceOrientations_iPad = "UIInterfaceOrientationPortrait UIInterfaceOrientationPortraitUpsideDown UIInterfaceOrientationLandscapeLeft UIInterfaceOrientationLandscapeRight";
				INFOPLIST_KEY_UISupportedInterfaceOrientations_iPhone = "UIInterfaceOrientationPortrait UIInterfaceOrientationLandscapeLeft UIInterfaceOrientationLandscapeRight";
				LD_RUNPATH_SEARCH_PATHS = (
					"$(inherited)",
					"@executable_path/Frameworks",
				);
				MARKETING_VERSION = 1.0;
				PRODUCT_BUNDLE_IDENTIFIER = hu.example.interactive.view.Example.Example;
				PRODUCT_NAME = "$(TARGET_NAME)";
				SWIFT_EMIT_LOC_STRINGS = YES;
				SWIFT_VERSION = 5.0;
				TARGETED_DEVICE_FAMILY = "1,2";
			};
			name = Debug;
		};
		58703E4A2953DF2B00993689 /* Release */ = {
			isa = XCBuildConfiguration;
			buildSettings = {
				ASSETCATALOG_COMPILER_APPICON_NAME = AppIcon;
				ASSETCATALOG_COMPILER_GLOBAL_ACCENT_COLOR_NAME = AccentColor;
				CODE_SIGN_STYLE = Automatic;
				CURRENT_PROJECT_VERSION = 1;
				DEVELOPMENT_ASSET_PATHS = "\"Example/Preview Content\"";
				DEVELOPMENT_TEAM = 7KJTVFSV88;
				ENABLE_PREVIEWS = YES;
				GENERATE_INFOPLIST_FILE = YES;
				INFOPLIST_KEY_UIApplicationSceneManifest_Generation = YES;
				INFOPLIST_KEY_UIApplicationSupportsIndirectInputEvents = YES;
				INFOPLIST_KEY_UILaunchScreen_Generation = YES;
				INFOPLIST_KEY_UISupportedInterfaceOrientations_iPad = "UIInterfaceOrientationPortrait UIInterfaceOrientationPortraitUpsideDown UIInterfaceOrientationLandscapeLeft UIInterfaceOrientationLandscapeRight";
				INFOPLIST_KEY_UISupportedInterfaceOrientations_iPhone = "UIInterfaceOrientationPortrait UIInterfaceOrientationLandscapeLeft UIInterfaceOrientationLandscapeRight";
				LD_RUNPATH_SEARCH_PATHS = (
					"$(inherited)",
					"@executable_path/Frameworks",
				);
				MARKETING_VERSION = 1.0;
				PRODUCT_BUNDLE_IDENTIFIER = hu.example.interactive.view.Example.Example;
				PRODUCT_NAME = "$(TARGET_NAME)";
				SWIFT_EMIT_LOC_STRINGS = YES;
				SWIFT_VERSION = 5.0;
				TARGETED_DEVICE_FAMILY = "1,2";
			};
			name = Release;
		};
		58703E4C2953DF2B00993689 /* Debug */ = {
			isa = XCBuildConfiguration;
			buildSettings = {
				ALWAYS_EMBED_SWIFT_STANDARD_LIBRARIES = YES;
				BUNDLE_LOADER = "$(TEST_HOST)";
				CODE_SIGN_STYLE = Automatic;
				CURRENT_PROJECT_VERSION = 1;
				DEVELOPMENT_TEAM = 7KJTVFSV88;
				GENERATE_INFOPLIST_FILE = YES;
				IPHONEOS_DEPLOYMENT_TARGET = 16.0;
				MARKETING_VERSION = 1.0;
				PRODUCT_BUNDLE_IDENTIFIER = hu.example.interactive.view.Example.ExampleTests;
				PRODUCT_NAME = "$(TARGET_NAME)";
				SWIFT_EMIT_LOC_STRINGS = NO;
				SWIFT_VERSION = 5.0;
				TARGETED_DEVICE_FAMILY = "1,2";
				TEST_HOST = "$(BUILT_PRODUCTS_DIR)/Example.app/$(BUNDLE_EXECUTABLE_FOLDER_PATH)/Example";
			};
			name = Debug;
		};
		58703E4D2953DF2B00993689 /* Release */ = {
			isa = XCBuildConfiguration;
			buildSettings = {
				ALWAYS_EMBED_SWIFT_STANDARD_LIBRARIES = YES;
				BUNDLE_LOADER = "$(TEST_HOST)";
				CODE_SIGN_STYLE = Automatic;
				CURRENT_PROJECT_VERSION = 1;
				DEVELOPMENT_TEAM = 7KJTVFSV88;
				GENERATE_INFOPLIST_FILE = YES;
				IPHONEOS_DEPLOYMENT_TARGET = 16.0;
				MARKETING_VERSION = 1.0;
				PRODUCT_BUNDLE_IDENTIFIER = hu.example.interactive.view.Example.ExampleTests;
				PRODUCT_NAME = "$(TARGET_NAME)";
				SWIFT_EMIT_LOC_STRINGS = NO;
				SWIFT_VERSION = 5.0;
				TARGETED_DEVICE_FAMILY = "1,2";
				TEST_HOST = "$(BUILT_PRODUCTS_DIR)/Example.app/$(BUNDLE_EXECUTABLE_FOLDER_PATH)/Example";
			};
			name = Release;
		};
		58703E4F2953DF2B00993689 /* Debug */ = {
			isa = XCBuildConfiguration;
			buildSettings = {
				ALWAYS_EMBED_SWIFT_STANDARD_LIBRARIES = YES;
				CODE_SIGN_STYLE = Automatic;
				CURRENT_PROJECT_VERSION = 1;
				DEVELOPMENT_TEAM = 7KJTVFSV88;
				GENERATE_INFOPLIST_FILE = YES;
				MARKETING_VERSION = 1.0;
				PRODUCT_BUNDLE_IDENTIFIER = hu.example.interactive.view.Example.ExampleUITests;
				PRODUCT_NAME = "$(TARGET_NAME)";
				SWIFT_EMIT_LOC_STRINGS = NO;
				SWIFT_VERSION = 5.0;
				TARGETED_DEVICE_FAMILY = "1,2";
				TEST_TARGET_NAME = Example;
			};
			name = Debug;
		};
		58703E502953DF2B00993689 /* Release */ = {
			isa = XCBuildConfiguration;
			buildSettings = {
				ALWAYS_EMBED_SWIFT_STANDARD_LIBRARIES = YES;
				CODE_SIGN_STYLE = Automatic;
				CURRENT_PROJECT_VERSION = 1;
				DEVELOPMENT_TEAM = 7KJTVFSV88;
				GENERATE_INFOPLIST_FILE = YES;
				MARKETING_VERSION = 1.0;
				PRODUCT_BUNDLE_IDENTIFIER = hu.example.interactive.view.Example.ExampleUITests;
				PRODUCT_NAME = "$(TARGET_NAME)";
				SWIFT_EMIT_LOC_STRINGS = NO;
				SWIFT_VERSION = 5.0;
				TARGETED_DEVICE_FAMILY = "1,2";
				TEST_TARGET_NAME = Example;
			};
			name = Release;
		};
/* End XCBuildConfiguration section */

/* Begin XCConfigurationList section */
		58703E1F2953DF2900993689 /* Build configuration list for PBXProject "Example" */ = {
			isa = XCConfigurationList;
			buildConfigurations = (
				58703E462953DF2B00993689 /* Debug */,
				58703E472953DF2B00993689 /* Release */,
			);
			defaultConfigurationIsVisible = 0;
			defaultConfigurationName = Release;
		};
		58703E482953DF2B00993689 /* Build configuration list for PBXNativeTarget "Example" */ = {
			isa = XCConfigurationList;
			buildConfigurations = (
				58703E492953DF2B00993689 /* Debug */,
				58703E4A2953DF2B00993689 /* Release */,
			);
			defaultConfigurationIsVisible = 0;
			defaultConfigurationName = Release;
		};
		58703E4B2953DF2B00993689 /* Build configuration list for PBXNativeTarget "ExampleTests" */ = {
			isa = XCConfigurationList;
			buildConfigurations = (
				58703E4C2953DF2B00993689 /* Debug */,
				58703E4D2953DF2B00993689 /* Release */,
			);
			defaultConfigurationIsVisible = 0;
			defaultConfigurationName = Release;
		};
		58703E4E2953DF2B00993689 /* Build configuration list for PBXNativeTarget "ExampleUITests" */ = {
			isa = XCConfigurationList;
			buildConfigurations = (
				58703E4F2953DF2B00993689 /* Debug */,
				58703E502953DF2B00993689 /* Release */,
			);
			defaultConfigurationIsVisible = 0;
			defaultConfigurationName = Release;
		};
/* End XCConfigurationList section */

/* Begin XCRemoteSwiftPackageReference section */
		58703E512953DF7300993689 /* XCRemoteSwiftPackageReference "InteractiveView" */ = {
			isa = XCRemoteSwiftPackageReference;
			repositoryURL = "https://github.com/stateman92/InteractiveView";
			requirement = {
				kind = exactVersion;
				version = 0.0.1;
			};
		};
/* End XCRemoteSwiftPackageReference section */

/* Begin XCSwiftPackageProductDependency section */
		58703E522953DF7300993689 /* InteractiveView */ = {
			isa = XCSwiftPackageProductDependency;
			package = 58703E512953DF7300993689 /* XCRemoteSwiftPackageReference "InteractiveView" */;
			productName = InteractiveView;
		};
/* End XCSwiftPackageProductDependency section */
	};
	rootObject = 58703E1C2953DF2900993689 /* Project object */;
}
